
Microsoft Visual Studio Solution File, Format Version 12.00
# Visual Studio Version 16
VisualStudioVersion = 16.0.31515.178
MinimumVisualStudioVersion = 10.0.40219.1
Project("{FAE04EC0-301F-11D3-BF4B-00C04F79EFBC}") = "ConsoleApp", "ConsoleApp\ConsoleApp.csproj", "{07179E72-704A-49B2-AEFB-4EFCA06A1AE7}"
EndProject
Global
	GlobalSection(SolutionConfigurationPlatforms) = preSolution
		Debug|Any CPU = Debug|Any CPU
		Release|Any CPU = Release|Any CPU
	EndGlobalSection
	GlobalSection(ProjectConfigurationPlatforms) = postSolution
		{07179E72-704A-49B2-AEFB-4EFCA06A1AE7}.Debug|Any CPU.ActiveCfg = Debug|Any CPU
		{07179E72-704A-49B2-AEFB-4EFCA06A1AE7}.Debug|Any CPU.Build.0 = Debug|Any CPU
		{07179E72-704A-49B2-AEFB-4EFCA06A1AE7}.Release|Any CPU.ActiveCfg = Release|Any CPU
		{07179E72-704A-49B2-AEFB-4EFCA06A1AE7}.Release|Any CPU.Build.0 = Release|Any CPU
	EndGlobalSection
	GlobalSection(SolutionProperties) = preSolution
		HideSolutionNode = FALSE
	EndGlobalSection
	GlobalSection(ExtensibilityGlobals) = postSolution
		SolutionGuid = {BD2A2CF7-3351-40D9-B28B-6DD5D8DD8783}
	EndGlobalSection
EndGlobal
